
Microsoft Visual Studio Solution File, Format Version 12.00
# Visual Studio 15
VisualStudioVersion = 15.0.27130.2036
MinimumVisualStudioVersion = 10.0.40219.1
Project("{FAE04EC0-301F-11D3-BF4B-00C04F79EFBC}") = "UserIdentityCore2", "UserIdentityCore2\UserIdentityCore2.csproj", "{8B4D3E33-1912-4830-A5F7-F90324EC3A11}"
EndProject
Global
	GlobalSection(SolutionConfigurationPlatforms) = preSolution
		Debug|Any CPU = Debug|Any CPU
		Release|Any CPU = Release|Any CPU
	EndGlobalSection
	GlobalSection(ProjectConfigurationPlatforms) = postSolution
		{8B4D3E33-1912-4830-A5F7-F90324EC3A11}.Debug|Any CPU.ActiveCfg = Debug|Any CPU
		{8B4D3E33-1912-4830-A5F7-F90324EC3A11}.Debug|Any CPU.Build.0 = Debug|Any CPU
		{8B4D3E33-1912-4830-A5F7-F90324EC3A11}.Release|Any CPU.ActiveCfg = Release|Any CPU
		{8B4D3E33-1912-4830-A5F7-F90324EC3A11}.Release|Any CPU.Build.0 = Release|Any CPU
	EndGlobalSection
	GlobalSection(SolutionProperties) = preSolution
		HideSolutionNode = FALSE
	EndGlobalSection
	GlobalSection(ExtensibilityGlobals) = postSolution
		SolutionGuid = {9FF2AE47-4164-475D-B91A-1E00E5A97571}
	EndGlobalSection
EndGlobal
